
Microsoft Visual Studio Solution File, Format Version 12.00
Project("{FAE04EC0-301F-11D3-BF4B-00C04F79EFBC}") = "Project_Software_API", "Project_Software_API\Project_Software_API.csproj", "{573B05AB-E5C4-43E0-BC26-4738CEA465EC}"
EndProject
Global
	GlobalSection(SolutionConfigurationPlatforms) = preSolution
		Debug|Any CPU = Debug|Any CPU
		Release|Any CPU = Release|Any CPU
	EndGlobalSection
	GlobalSection(ProjectConfigurationPlatforms) = postSolution
		{573B05AB-E5C4-43E0-BC26-4738CEA465EC}.Debug|Any CPU.ActiveCfg = Debug|Any CPU
		{573B05AB-E5C4-43E0-BC26-4738CEA465EC}.Debug|Any CPU.Build.0 = Debug|Any CPU
		{573B05AB-E5C4-43E0-BC26-4738CEA465EC}.Release|Any CPU.ActiveCfg = Release|Any CPU
		{573B05AB-E5C4-43E0-BC26-4738CEA465EC}.Release|Any CPU.Build.0 = Release|Any CPU
	EndGlobalSection
EndGlobal
